
Microsoft Visual Studio Solution File, Format Version 12.00
# Visual Studio Version 17
VisualStudioVersion = 17.8.34511.84
MinimumVisualStudioVersion = 10.0.40219.1
Project("{9A19103F-16F7-4668-BE54-9A1E7A4F7556}") = "App", "App\App.csproj", "{3E9D24D1-456D-4245-94F0-E9023D5D1CB1}"
	ProjectSection(ProjectDependencies) = postProject
		{5E9FAB44-5B4C-4202-B7C7-BDECCA16B68A} = {5E9FAB44-5B4C-4202-B7C7-BDECCA16B68A}
		{D1BBCB2B-795F-4CB1-98D2-BDB97C3686F3} = {D1BBCB2B-795F-4CB1-98D2-BDB97C3686F3}
	EndProjectSection
EndProject
Project("{9A19103F-16F7-4668-BE54-9A1E7A4F7556}") = "Domain", "Domain\Domain.csproj", "{BC07FD8D-B57F-4B57-99DB-05F5F02287C0}"
EndProject
Project("{9A19103F-16F7-4668-BE54-9A1E7A4F7556}") = "Service", "Service\Service.csproj", "{5E9FAB44-5B4C-4202-B7C7-BDECCA16B68A}"
	ProjectSection(ProjectDependencies) = postProject
		{419A416D-52E2-47A4-903E-5ED79DEE84B6} = {419A416D-52E2-47A4-903E-5ED79DEE84B6}
		{BC07FD8D-B57F-4B57-99DB-05F5F02287C0} = {BC07FD8D-B57F-4B57-99DB-05F5F02287C0}
		{DEC78B91-5E7C-4575-B7BE-2A62CDADA61C} = {DEC78B91-5E7C-4575-B7BE-2A62CDADA61C}
	EndProjectSection
EndProject
Project("{2150E333-8FDC-42A3-9474-1A3956D46DE8}") = "Infrastructure", "Infrastructure", "{057AD9A7-1A26-46BE-A6EC-521717F8B807}"
EndProject
Project("{FAE04EC0-301F-11D3-BF4B-00C04F79EFBC}") = "CrossCutting", "CrossCutting\CrossCutting.csproj", "{D1BBCB2B-795F-4CB1-98D2-BDB97C3686F3}"
	ProjectSection(ProjectDependencies) = postProject
		{419A416D-52E2-47A4-903E-5ED79DEE84B6} = {419A416D-52E2-47A4-903E-5ED79DEE84B6}
		{5E9FAB44-5B4C-4202-B7C7-BDECCA16B68A} = {5E9FAB44-5B4C-4202-B7C7-BDECCA16B68A}
		{BC07FD8D-B57F-4B57-99DB-05F5F02287C0} = {BC07FD8D-B57F-4B57-99DB-05F5F02287C0}
		{DEC78B91-5E7C-4575-B7BE-2A62CDADA61C} = {DEC78B91-5E7C-4575-B7BE-2A62CDADA61C}
	EndProjectSection
EndProject
Project("{FAE04EC0-301F-11D3-BF4B-00C04F79EFBC}") = "Data.DataBase", "Data.DataBase\Data.DataBase.csproj", "{DEC78B91-5E7C-4575-B7BE-2A62CDADA61C}"
	ProjectSection(ProjectDependencies) = postProject
		{BC07FD8D-B57F-4B57-99DB-05F5F02287C0} = {BC07FD8D-B57F-4B57-99DB-05F5F02287C0}
	EndProjectSection
EndProject
Project("{FAE04EC0-301F-11D3-BF4B-00C04F79EFBC}") = "Data.API", "Data.API\Data.API.csproj", "{419A416D-52E2-47A4-903E-5ED79DEE84B6}"
	ProjectSection(ProjectDependencies) = postProject
		{BC07FD8D-B57F-4B57-99DB-05F5F02287C0} = {BC07FD8D-B57F-4B57-99DB-05F5F02287C0}
	EndProjectSection
EndProject
Global
	GlobalSection(SolutionConfigurationPlatforms) = preSolution
		Debug|Any CPU = Debug|Any CPU
		Release|Any CPU = Release|Any CPU
	EndGlobalSection
	GlobalSection(ProjectConfigurationPlatforms) = postSolution
		{3E9D24D1-456D-4245-94F0-E9023D5D1CB1}.Debug|Any CPU.ActiveCfg = Debug|Any CPU
		{3E9D24D1-456D-4245-94F0-E9023D5D1CB1}.Debug|Any CPU.Build.0 = Debug|Any CPU
		{3E9D24D1-456D-4245-94F0-E9023D5D1CB1}.Release|Any CPU.ActiveCfg = Release|Any CPU
		{3E9D24D1-456D-4245-94F0-E9023D5D1CB1}.Release|Any CPU.Build.0 = Release|Any CPU
		{BC07FD8D-B57F-4B57-99DB-05F5F02287C0}.Debug|Any CPU.ActiveCfg = Debug|Any CPU
		{BC07FD8D-B57F-4B57-99DB-05F5F02287C0}.Debug|Any CPU.Build.0 = Debug|Any CPU
		{BC07FD8D-B57F-4B57-99DB-05F5F02287C0}.Release|Any CPU.ActiveCfg = Release|Any CPU
		{BC07FD8D-B57F-4B57-99DB-05F5F02287C0}.Release|Any CPU.Build.0 = Release|Any CPU
		{5E9FAB44-5B4C-4202-B7C7-BDECCA16B68A}.Debug|Any CPU.ActiveCfg = Debug|Any CPU
		{5E9FAB44-5B4C-4202-B7C7-BDECCA16B68A}.Debug|Any CPU.Build.0 = Debug|Any CPU
		{5E9FAB44-5B4C-4202-B7C7-BDECCA16B68A}.Release|Any CPU.ActiveCfg = Release|Any CPU
		{5E9FAB44-5B4C-4202-B7C7-BDECCA16B68A}.Release|Any CPU.Build.0 = Release|Any CPU
		{D1BBCB2B-795F-4CB1-98D2-BDB97C3686F3}.Debug|Any CPU.ActiveCfg = Debug|Any CPU
		{D1BBCB2B-795F-4CB1-98D2-BDB97C3686F3}.Debug|Any CPU.Build.0 = Debug|Any CPU
		{D1BBCB2B-795F-4CB1-98D2-BDB97C3686F3}.Release|Any CPU.ActiveCfg = Release|Any CPU
		{D1BBCB2B-795F-4CB1-98D2-BDB97C3686F3}.Release|Any CPU.Build.0 = Release|Any CPU
		{DEC78B91-5E7C-4575-B7BE-2A62CDADA61C}.Debug|Any CPU.ActiveCfg = Debug|Any CPU
		{DEC78B91-5E7C-4575-B7BE-2A62CDADA61C}.Debug|Any CPU.Build.0 = Debug|Any CPU
		{DEC78B91-5E7C-4575-B7BE-2A62CDADA61C}.Release|Any CPU.ActiveCfg = Release|Any CPU
		{DEC78B91-5E7C-4575-B7BE-2A62CDADA61C}.Release|Any CPU.Build.0 = Release|Any CPU
		{419A416D-52E2-47A4-903E-5ED79DEE84B6}.Debug|Any CPU.ActiveCfg = Debug|Any CPU
		{419A416D-52E2-47A4-903E-5ED79DEE84B6}.Debug|Any CPU.Build.0 = Debug|Any CPU
		{419A416D-52E2-47A4-903E-5ED79DEE84B6}.Release|Any CPU.ActiveCfg = Release|Any CPU
		{419A416D-52E2-47A4-903E-5ED79DEE84B6}.Release|Any CPU.Build.0 = Release|Any CPU
	EndGlobalSection
	GlobalSection(SolutionProperties) = preSolution
		HideSolutionNode = FALSE
	EndGlobalSection
	GlobalSection(NestedProjects) = preSolution
		{D1BBCB2B-795F-4CB1-98D2-BDB97C3686F3} = {057AD9A7-1A26-46BE-A6EC-521717F8B807}
		{DEC78B91-5E7C-4575-B7BE-2A62CDADA61C} = {057AD9A7-1A26-46BE-A6EC-521717F8B807}
		{419A416D-52E2-47A4-903E-5ED79DEE84B6} = {057AD9A7-1A26-46BE-A6EC-521717F8B807}
	EndGlobalSection
	GlobalSection(ExtensibilityGlobals) = postSolution
		SolutionGuid = {AAC4B8A7-4447-435F-9A0A-957500E99A5D}
	EndGlobalSection
EndGlobal
